dependencies:
- name: hatchet-api
  repository: file://../hatchet-api
  version: 0.2.0
- name: hatchet-api
  repository: file://../hatchet-api
  version: 0.2.0
- name: hatchet-frontend
  repository: file://../hatchet-frontend
  version: 0.2.0
- name: postgresql
  repository: https://charts.bitnami.com/bitnami
  version: 14.2.1
- name: rabbitmq
  repository: https://charts.bitnami.com/bitnami
  version: 12.13.1
digest: sha256:d2bd558323d43fdc9a62ba5b38a46844f678478c34915039a563c77c46d8af66
generated: "2024-02-21T17:38:42.08507-08:00"
