dependencies:
- name: hatchet-api
  repository: file://../hatchet-api
  version: 0.19.1
- name: hatchet-api
  repository: file://../hatchet-api
  version: 0.19.1
- name: hatchet-api
  repository: file://../hatchet-api
  version: 0.19.1
- name: hatchet-api
  repository: file://../hatchet-api
  version: 0.19.1
- name: hatchet-frontend
  repository: file://../hatchet-frontend
  version: 0.19.1
- name: postgresql
  repository: https://charts.bitnami.com/bitnami
  version: 16.7.27
- name: rabbitmq
  repository: https://charts.bitnami.com/bitnami
  version: 16.0.14
digest: sha256:47e555e2c6f049634b6d043093a6301ab2ab7640d41bebef12317e3d5481dd74
generated: "2026-09-24T22:42:30.13103-07:00"
